
Microsoft Visual Studio Solution File, Format Version 12.00
# Visual Studio Version 16
VisualStudioVersion = 16.0.30621.155
MinimumVisualStudioVersion = 10.0.40219.1
Project("{FAE04EC0-301F-11D3-BF4B-00C04F79EFBC}") = "MVC_EF", "MVC_EF\MVC_EF.csproj", "{565725C3-85AE-4DC6-A2E1-B133D96E79D5}"
EndProject
Global
	GlobalSection(SolutionConfigurationPlatforms) = preSolution
		Debug|Any CPU = Debug|Any CPU
		Release|Any CPU = Release|Any CPU
	EndGlobalSection
	GlobalSection(ProjectConfigurationPlatforms) = postSolution
		{565725C3-85AE-4DC6-A2E1-B133D96E79D5}.Debug|Any CPU.ActiveCfg = Debug|Any CPU
		{565725C3-85AE-4DC6-A2E1-B133D96E79D5}.Debug|Any CPU.Build.0 = Debug|Any CPU
		{565725C3-85AE-4DC6-A2E1-B133D96E79D5}.Release|Any CPU.ActiveCfg = Release|Any CPU
		{565725C3-85AE-4DC6-A2E1-B133D96E79D5}.Release|Any CPU.Build.0 = Release|Any CPU
	EndGlobalSection
	GlobalSection(SolutionProperties) = preSolution
		HideSolutionNode = FALSE
	EndGlobalSection
	GlobalSection(ExtensibilityGlobals) = postSolution
		SolutionGuid = {A5EEC1D0-2B33-408E-96D8-6A27BB3ABB50}
	EndGlobalSection
EndGlobal
