
Microsoft Visual Studio Solution File, Format Version 12.00
# Visual Studio Version 16
VisualStudioVersion = 16.0.30621.155
MinimumVisualStudioVersion = 10.0.40219.1
Project("{FAE04EC0-301F-11D3-BF4B-00C04F79EFBC}") = "MVC_EF_Participation", "MVC_EF_Participation\MVC_EF_Participation.csproj", "{3E582CEC-C7E6-492A-959C-53C4A0F9A7A8}"
EndProject
Global
	GlobalSection(SolutionConfigurationPlatforms) = preSolution
		Debug|Any CPU = Debug|Any CPU
		Release|Any CPU = Release|Any CPU
	EndGlobalSection
	GlobalSection(ProjectConfigurationPlatforms) = postSolution
		{3E582CEC-C7E6-492A-959C-53C4A0F9A7A8}.Debug|Any CPU.ActiveCfg = Debug|Any CPU
		{3E582CEC-C7E6-492A-959C-53C4A0F9A7A8}.Debug|Any CPU.Build.0 = Debug|Any CPU
		{3E582CEC-C7E6-492A-959C-53C4A0F9A7A8}.Release|Any CPU.ActiveCfg = Release|Any CPU
		{3E582CEC-C7E6-492A-959C-53C4A0F9A7A8}.Release|Any CPU.Build.0 = Release|Any CPU
	EndGlobalSection
	GlobalSection(SolutionProperties) = preSolution
		HideSolutionNode = FALSE
	EndGlobalSection
	GlobalSection(ExtensibilityGlobals) = postSolution
		SolutionGuid = {4FB4D31C-9F48-4629-8B84-6ABCF402F513}
	EndGlobalSection
EndGlobal
