
Microsoft Visual Studio Solution File, Format Version 12.00
# Visual Studio Version 16
VisualStudioVersion = 16.0.30621.155
MinimumVisualStudioVersion = 10.0.40219.1
Project("{FAE04EC0-301F-11D3-BF4B-00C04F79EFBC}") = "JSON_Chuck_Norris", "JSON_Chuck_Norris\JSON_Chuck_Norris.csproj", "{32249BC8-1B8F-428B-AB8F-55480C9B1132}"
EndProject
Global
	GlobalSection(SolutionConfigurationPlatforms) = preSolution
		Debug|Any CPU = Debug|Any CPU
		Release|Any CPU = Release|Any CPU
	EndGlobalSection
	GlobalSection(ProjectConfigurationPlatforms) = postSolution
		{32249BC8-1B8F-428B-AB8F-55480C9B1132}.Debug|Any CPU.ActiveCfg = Debug|Any CPU
		{32249BC8-1B8F-428B-AB8F-55480C9B1132}.Debug|Any CPU.Build.0 = Debug|Any CPU
		{32249BC8-1B8F-428B-AB8F-55480C9B1132}.Release|Any CPU.ActiveCfg = Release|Any CPU
		{32249BC8-1B8F-428B-AB8F-55480C9B1132}.Release|Any CPU.Build.0 = Release|Any CPU
	EndGlobalSection
	GlobalSection(SolutionProperties) = preSolution
		HideSolutionNode = FALSE
	EndGlobalSection
	GlobalSection(ExtensibilityGlobals) = postSolution
		SolutionGuid = {3ECAFF49-6A63-46D7-A6DC-AC9F2F6DA696}
	EndGlobalSection
EndGlobal
