
Microsoft Visual Studio Solution File, Format Version 12.00
# Visual Studio Version 16
VisualStudioVersion = 16.0.30621.155
MinimumVisualStudioVersion = 10.0.40219.1
Project("{FAE04EC0-301F-11D3-BF4B-00C04F79EFBC}") = "WPF_WebBrowser", "WPF_WebBrowser\WPF_WebBrowser.csproj", "{4E363B32-5C2D-420C-BAD0-2ABCC3C5C42F}"
EndProject
Global
	GlobalSection(SolutionConfigurationPlatforms) = preSolution
		Debug|Any CPU = Debug|Any CPU
		Release|Any CPU = Release|Any CPU
	EndGlobalSection
	GlobalSection(ProjectConfigurationPlatforms) = postSolution
		{4E363B32-5C2D-420C-BAD0-2ABCC3C5C42F}.Debug|Any CPU.ActiveCfg = Debug|Any CPU
		{4E363B32-5C2D-420C-BAD0-2ABCC3C5C42F}.Debug|Any CPU.Build.0 = Debug|Any CPU
		{4E363B32-5C2D-420C-BAD0-2ABCC3C5C42F}.Release|Any CPU.ActiveCfg = Release|Any CPU
		{4E363B32-5C2D-420C-BAD0-2ABCC3C5C42F}.Release|Any CPU.Build.0 = Release|Any CPU
	EndGlobalSection
	GlobalSection(SolutionProperties) = preSolution
		HideSolutionNode = FALSE
	EndGlobalSection
	GlobalSection(ExtensibilityGlobals) = postSolution
		SolutionGuid = {3B2919BA-B67F-4B6F-9286-A3A320BB0EDF}
	EndGlobalSection
EndGlobal
