
Microsoft Visual Studio Solution File, Format Version 12.00
# Visual Studio Version 16
VisualStudioVersion = 16.0.30621.155
MinimumVisualStudioVersion = 10.0.40219.1
Project("{FAE04EC0-301F-11D3-BF4B-00C04F79EFBC}") = "WPFClassesInClassExample", "WPFClassesInClassExample\WPFClassesInClassExample.csproj", "{4F7BB01E-4D47-4951-B0F0-2FCBB8D16A8C}"
EndProject
Global
	GlobalSection(SolutionConfigurationPlatforms) = preSolution
		Debug|Any CPU = Debug|Any CPU
		Release|Any CPU = Release|Any CPU
	EndGlobalSection
	GlobalSection(ProjectConfigurationPlatforms) = postSolution
		{4F7BB01E-4D47-4951-B0F0-2FCBB8D16A8C}.Debug|Any CPU.ActiveCfg = Debug|Any CPU
		{4F7BB01E-4D47-4951-B0F0-2FCBB8D16A8C}.Debug|Any CPU.Build.0 = Debug|Any CPU
		{4F7BB01E-4D47-4951-B0F0-2FCBB8D16A8C}.Release|Any CPU.ActiveCfg = Release|Any CPU
		{4F7BB01E-4D47-4951-B0F0-2FCBB8D16A8C}.Release|Any CPU.Build.0 = Release|Any CPU
	EndGlobalSection
	GlobalSection(SolutionProperties) = preSolution
		HideSolutionNode = FALSE
	EndGlobalSection
	GlobalSection(ExtensibilityGlobals) = postSolution
		SolutionGuid = {FC3466C4-1693-41A7-9247-2165A985C30B}
	EndGlobalSection
EndGlobal
