
Microsoft Visual Studio Solution File, Format Version 12.00
# Visual Studio Version 16
VisualStudioVersion = 16.0.30621.155
MinimumVisualStudioVersion = 10.0.40219.1
Project("{FAE04EC0-301F-11D3-BF4B-00C04F79EFBC}") = "MVC_EF_Intro", "MVC_EF_Intro\MVC_EF_Intro.csproj", "{DACC735E-6567-45F6-9EA2-2FC1B1FEB94B}"
EndProject
Global
	GlobalSection(SolutionConfigurationPlatforms) = preSolution
		Debug|Any CPU = Debug|Any CPU
		Release|Any CPU = Release|Any CPU
	EndGlobalSection
	GlobalSection(ProjectConfigurationPlatforms) = postSolution
		{DACC735E-6567-45F6-9EA2-2FC1B1FEB94B}.Debug|Any CPU.ActiveCfg = Debug|Any CPU
		{DACC735E-6567-45F6-9EA2-2FC1B1FEB94B}.Debug|Any CPU.Build.0 = Debug|Any CPU
		{DACC735E-6567-45F6-9EA2-2FC1B1FEB94B}.Release|Any CPU.ActiveCfg = Release|Any CPU
		{DACC735E-6567-45F6-9EA2-2FC1B1FEB94B}.Release|Any CPU.Build.0 = Release|Any CPU
	EndGlobalSection
	GlobalSection(SolutionProperties) = preSolution
		HideSolutionNode = FALSE
	EndGlobalSection
	GlobalSection(ExtensibilityGlobals) = postSolution
		SolutionGuid = {EB3DB1DD-54E7-4ABC-BA93-2FB7406EE02B}
	EndGlobalSection
EndGlobal
