
Microsoft Visual Studio Solution File, Format Version 12.00
# Visual Studio Version 16
VisualStudioVersion = 16.0.30621.155
MinimumVisualStudioVersion = 10.0.40219.1
Project("{9A19103F-16F7-4668-BE54-9A1E7A4F7556}") = "WPF,XAML,JSON", "MIS3033ExtraCredit\WPF,XAML,JSON.csproj", "{7612194B-0043-47D2-8D4A-8AF9B46619E5}"
EndProject
Project("{FAE04EC0-301F-11D3-BF4B-00C04F79EFBC}") = "MVC", "MVC\MVC.csproj", "{5F417B08-0BFC-47F3-BF95-68115C2391A3}"
EndProject
Project("{2150E333-8FDC-42A3-9474-1A3956D46DE8}") = "Solution Items", "Solution Items", "{69E15740-B505-403C-AABE-35D05DA3F994}"
	ProjectSection(SolutionItems) = preProject
		ExtraCredit.html = ExtraCredit.html
	EndProjectSection
EndProject
Global
	GlobalSection(SolutionConfigurationPlatforms) = preSolution
		Debug|Any CPU = Debug|Any CPU
		Release|Any CPU = Release|Any CPU
	EndGlobalSection
	GlobalSection(ProjectConfigurationPlatforms) = postSolution
		{7612194B-0043-47D2-8D4A-8AF9B46619E5}.Debug|Any CPU.ActiveCfg = Debug|Any CPU
		{7612194B-0043-47D2-8D4A-8AF9B46619E5}.Debug|Any CPU.Build.0 = Debug|Any CPU
		{7612194B-0043-47D2-8D4A-8AF9B46619E5}.Release|Any CPU.ActiveCfg = Release|Any CPU
		{7612194B-0043-47D2-8D4A-8AF9B46619E5}.Release|Any CPU.Build.0 = Release|Any CPU
		{5F417B08-0BFC-47F3-BF95-68115C2391A3}.Debug|Any CPU.ActiveCfg = Debug|Any CPU
		{5F417B08-0BFC-47F3-BF95-68115C2391A3}.Debug|Any CPU.Build.0 = Debug|Any CPU
		{5F417B08-0BFC-47F3-BF95-68115C2391A3}.Release|Any CPU.ActiveCfg = Release|Any CPU
		{5F417B08-0BFC-47F3-BF95-68115C2391A3}.Release|Any CPU.Build.0 = Release|Any CPU
	EndGlobalSection
	GlobalSection(SolutionProperties) = preSolution
		HideSolutionNode = FALSE
	EndGlobalSection
	GlobalSection(ExtensibilityGlobals) = postSolution
		SolutionGuid = {9C51518E-7F0D-46FA-8E1E-B6B1A9D20940}
	EndGlobalSection
EndGlobal
