
Microsoft Visual Studio Solution File, Format Version 12.00
# Visual Studio Version 16
VisualStudioVersion = 16.0.30621.155
MinimumVisualStudioVersion = 10.0.40219.1
Project("{FAE04EC0-301F-11D3-BF4B-00C04F79EFBC}") = "JSON_Pokemon", "JSON_Pokemon\JSON_Pokemon.csproj", "{A0802C41-F569-42AC-983B-E14FAA559636}"
EndProject
Global
	GlobalSection(SolutionConfigurationPlatforms) = preSolution
		Debug|Any CPU = Debug|Any CPU
		Release|Any CPU = Release|Any CPU
	EndGlobalSection
	GlobalSection(ProjectConfigurationPlatforms) = postSolution
		{A0802C41-F569-42AC-983B-E14FAA559636}.Debug|Any CPU.ActiveCfg = Debug|Any CPU
		{A0802C41-F569-42AC-983B-E14FAA559636}.Debug|Any CPU.Build.0 = Debug|Any CPU
		{A0802C41-F569-42AC-983B-E14FAA559636}.Release|Any CPU.ActiveCfg = Release|Any CPU
		{A0802C41-F569-42AC-983B-E14FAA559636}.Release|Any CPU.Build.0 = Release|Any CPU
	EndGlobalSection
	GlobalSection(SolutionProperties) = preSolution
		HideSolutionNode = FALSE
	EndGlobalSection
	GlobalSection(ExtensibilityGlobals) = postSolution
		SolutionGuid = {70133EAF-71E6-4BE3-8DF6-413D92741884}
	EndGlobalSection
EndGlobal
