
Microsoft Visual Studio Solution File, Format Version 12.00
# Visual Studio Version 16
VisualStudioVersion = 16.0.30621.155
MinimumVisualStudioVersion = 10.0.40219.1
Project("{FAE04EC0-301F-11D3-BF4B-00C04F79EFBC}") = "WPF1", "WPF1\WPF1.csproj", "{8537C1F1-F9E2-466D-8346-FC501579ECDB}"
EndProject
Global
	GlobalSection(SolutionConfigurationPlatforms) = preSolution
		Debug|Any CPU = Debug|Any CPU
		Release|Any CPU = Release|Any CPU
	EndGlobalSection
	GlobalSection(ProjectConfigurationPlatforms) = postSolution
		{8537C1F1-F9E2-466D-8346-FC501579ECDB}.Debug|Any CPU.ActiveCfg = Debug|Any CPU
		{8537C1F1-F9E2-466D-8346-FC501579ECDB}.Debug|Any CPU.Build.0 = Debug|Any CPU
		{8537C1F1-F9E2-466D-8346-FC501579ECDB}.Release|Any CPU.ActiveCfg = Release|Any CPU
		{8537C1F1-F9E2-466D-8346-FC501579ECDB}.Release|Any CPU.Build.0 = Release|Any CPU
	EndGlobalSection
	GlobalSection(SolutionProperties) = preSolution
		HideSolutionNode = FALSE
	EndGlobalSection
	GlobalSection(ExtensibilityGlobals) = postSolution
		SolutionGuid = {A8F9F614-88E0-4EC9-95D0-8B02DB318254}
	EndGlobalSection
EndGlobal
