
Microsoft Visual Studio Solution File, Format Version 12.00
# Visual Studio Version 16
VisualStudioVersion = 16.0.30621.155
MinimumVisualStudioVersion = 10.0.40219.1
Project("{FAE04EC0-301F-11D3-BF4B-00C04F79EFBC}") = "WPF_Classes_Participation", "WPF_Classes_Participatipn\WPF_Classes_Participation.csproj", "{6198F190-8AD1-41E0-93D4-BD1E67119C98}"
EndProject
Global
	GlobalSection(SolutionConfigurationPlatforms) = preSolution
		Debug|Any CPU = Debug|Any CPU
		Release|Any CPU = Release|Any CPU
	EndGlobalSection
	GlobalSection(ProjectConfigurationPlatforms) = postSolution
		{6198F190-8AD1-41E0-93D4-BD1E67119C98}.Debug|Any CPU.ActiveCfg = Debug|Any CPU
		{6198F190-8AD1-41E0-93D4-BD1E67119C98}.Debug|Any CPU.Build.0 = Debug|Any CPU
		{6198F190-8AD1-41E0-93D4-BD1E67119C98}.Release|Any CPU.ActiveCfg = Release|Any CPU
		{6198F190-8AD1-41E0-93D4-BD1E67119C98}.Release|Any CPU.Build.0 = Release|Any CPU
	EndGlobalSection
	GlobalSection(SolutionProperties) = preSolution
		HideSolutionNode = FALSE
	EndGlobalSection
	GlobalSection(ExtensibilityGlobals) = postSolution
		SolutionGuid = {C47D799A-664F-4F97-92B1-250A60D141B1}
	EndGlobalSection
EndGlobal
